Microsoft Visual Studio Solution File, Format Version 12.00
# Visual Studio Version 17
VisualStudioVersion = 17.5.2.0
MinimumVisualStudioVersion = 10.0.40219.1
Project("{FAE04EC0-301F-11D3-BF4B-00C04F79EFBC}") = "lab-1-5-console-commands-SpencerSolt", "lab-1-5-console-commands-SpencerSolt.csproj", "{A3957350-A961-0112-D9E5-F826E49AF493}"
EndProject
Global
	GlobalSection(SolutionConfigurationPlatforms) = preSolution
		Debug|Any CPU = Debug|Any CPU
		Release|Any CPU = Release|Any CPU
	EndGlobalSection
	GlobalSection(ProjectConfigurationPlatforms) = postSolution
		{A3957350-A961-0112-D9E5-F826E49AF493}.Debug|Any CPU.ActiveCfg = Debug|Any CPU
		{A3957350-A961-0112-D9E5-F826E49AF493}.Debug|Any CPU.Build.0 = Debug|Any CPU
		{A3957350-A961-0112-D9E5-F826E49AF493}.Release|Any CPU.ActiveCfg = Release|Any CPU
		{A3957350-A961-0112-D9E5-F826E49AF493}.Release|Any CPU.Build.0 = Release|Any CPU
	EndGlobalSection
	GlobalSection(SolutionProperties) = preSolution
		HideSolutionNode = FALSE
	EndGlobalSection
	GlobalSection(ExtensibilityGlobals) = postSolution
		SolutionGuid = {5D7D0629-571C-411E-AFFE-396D4F477F1B}
	EndGlobalSection
EndGlobal
